{
  "name": "net.emullen.menucontroller",
  "version": "1.0.0",
  "lockfileVersion": 3,
  "requires": true,
  "packages": {
    "": {
      "name": "net.emullen.menucontroller",
      "version": "1.0.0",
      "dependencies": {
        "net.emullen.menucontroller": "file:"
      }
    },
    "node_modules/net.emullen.menucontroller": {
      "resolved": "",
      "link": true
    }
  }
}
